// !$*UTF8*$!
{
	archiveVersion = 1;
	classes = {
	};
	objectVersion = 55;
	objects = {

/* Begin PBXBuildFile section */
		8E0FDC5328A2DC6000605DA2 /* SDWebImageSwiftUI in Frameworks */ = {isa = PBXBuildFile; productRef = 8E0FDC5228A2DC6000605DA2 /* SDWebImageSwiftUI */; };
		8E0FDC5528A3B8CF00605DA2 /* UIApplication+Extension.swift in Sources */ = {isa = PBXBuildFile; fileRef = 8E0FDC5428A3B8CF00605DA2 /* UIApplication+Extension.swift */; };
		8E73183928A2C55A00B3E6DE /* ForecastViewModel.swift in Sources */ = {isa = PBXBuildFile; fileRef = 8E73183828A2C55A00B3E6DE /* ForecastViewModel.swift */; };
		8E73183B28A2C89A00B3E6DE /* ForecastListViewModel.swift in Sources */ = {isa = PBXBuildFile; fileRef = 8E73183A28A2C89A00B3E6DE /* ForecastListViewModel.swift */; };
		8EC4D62328A2AAD000E9EF2B /* TestWeatherAppApp.swift in Sources */ = {isa = PBXBuildFile; fileRef = 8EC4D62228A2AAD000E9EF2B /* TestWeatherAppApp.swift */; };
		8EC4D62528A2AAD000E9EF2B /* ContentView.swift in Sources */ = {isa = PBXBuildFile; fileRef = 8EC4D62428A2AAD000E9EF2B /* ContentView.swift */; };
		8EC4D62728A2AAD200E9EF2B /* Assets.xcassets in Resources */ = {isa = PBXBuildFile; fileRef = 8EC4D62628A2AAD200E9EF2B /* Assets.xcassets */; };
		8EC4D62A28A2AAD200E9EF2B /* Preview Assets.xcassets in Resources */ = {isa = PBXBuildFile; fileRef = 8EC4D62928A2AAD200E9EF2B /* Preview Assets.xcassets */; };
		8EC4D63128A2AB3800E9EF2B /* APIService.swift in Sources */ = {isa = PBXBuildFile; fileRef = 8EC4D63028A2AB3800E9EF2B /* APIService.swift */; };
		8EC4D63328A2AB5B00E9EF2B /* Forecast.swift in Sources */ = {isa = PBXBuildFile; fileRef = 8EC4D63228A2AB5B00E9EF2B /* Forecast.swift */; };
/* End PBXBuildFile section */

/* Begin PBXFileReference section */
		8E0FDC5428A3B8CF00605DA2 /* UIApplication+Extension.swift */ = {isa = PBXFileReference; lastKnownFileType = sourcecode.swift; path = "UIApplication+Extension.swift"; sourceTree = "<group>"; };
		8E73183828A2C55A00B3E6DE /* ForecastViewModel.swift */ = {isa = PBXFileReference; lastKnownFileType = sourcecode.swift; path = ForecastViewModel.swift; sourceTree = "<group>"; };
		8E73183A28A2C89A00B3E6DE /* ForecastListViewModel.swift */ = {isa = PBXFileReference; lastKnownFileType = sourcecode.swift; path = ForecastListViewModel.swift; sourceTree = "<group>"; };
		8EC4D61F28A2AAD000E9EF2B /* TestWeatherApp.app */ = {isa = PBXFileReference; explicitFileType = wrapper.application; includeInIndex = 0; path = TestWeatherApp.app; sourceTree = BUILT_PRODUCTS_DIR; };
		8EC4D62228A2AAD000E9EF2B /* TestWeatherAppApp.swift */ = {isa = PBXFileReference; lastKnownFileType = sourcecode.swift; path = TestWeatherAppApp.swift; sourceTree = "<group>"; };
		8EC4D62428A2AAD000E9EF2B /* ContentView.swift */ = {isa = PBXFileReference; lastKnownFileType = sourcecode.swift; path = ContentView.swift; sourceTree = "<group>"; };
		8EC4D62628A2AAD200E9EF2B /* Assets.xcassets */ = {isa = PBXFileReference; lastKnownFileType = folder.assetcatalog; path = Assets.xcassets; sourceTree = "<group>"; };
		8EC4D62928A2AAD200E9EF2B /* Preview Assets.xcassets */ = {isa = PBXFileReference; lastKnownFileType = folder.assetcatalog; path = "Preview Assets.xcassets"; sourceTree = "<group>"; };
		8EC4D63028A2AB3800E9EF2B /* APIService.swift */ = {isa = PBXFileReference; fileEncoding = 4; lastKnownFileType = sourcecode.swift; path = APIService.swift; sourceTree = "<group>"; };
		8EC4D63228A2AB5B00E9EF2B /* Forecast.swift */ = {isa = PBXFileReference; lastKnownFileType = sourcecode.swift; path = Forecast.swift; sourceTree = "<group>"; };
/* End PBXFileReference section */

/* Begin PBXFrameworksBuildPhase section */
		8EC4D61C28A2AAD000E9EF2B /* Frameworks */ = {
			isa = PBXFrameworksBuildPhase;
			buildActionMask = 2147483647;
			files = (
				8E0FDC5328A2DC6000605DA2 /* SDWebImageSwiftUI in Frameworks */,
			);
			runOnlyForDeploymentPostprocessing = 0;
		};
/* End PBXFrameworksBuildPhase section */

/* Begin PBXGroup section */
		8E0FDC5628A4243C00605DA2 /* Networking */ = {
			isa = PBXGroup;
			children = (
				8EC4D63028A2AB3800E9EF2B /* APIService.swift */,
				8E73183A28A2C89A00B3E6DE /* ForecastListViewModel.swift */,
				8E0FDC5928A4248B00605DA2 /* Models */,
			);
			path = Networking;
			sourceTree = "<group>";
		};
		8E0FDC5728A4244C00605DA2 /* Extensions */ = {
			isa = PBXGroup;
			children = (
				8E0FDC5428A3B8CF00605DA2 /* UIApplication+Extension.swift */,
			);
			path = Extensions;
			sourceTree = "<group>";
		};
		8E0FDC5828A4246700605DA2 /* Views */ = {
			isa = PBXGroup;
			children = (
				8EC4D62428A2AAD000E9EF2B /* ContentView.swift */,
			);
			path = Views;
			sourceTree = "<group>";
		};
		8E0FDC5928A4248B00605DA2 /* Models */ = {
			isa = PBXGroup;
			children = (
				8EC4D63228A2AB5B00E9EF2B /* Forecast.swift */,
				8E73183828A2C55A00B3E6DE /* ForecastViewModel.swift */,
			);
			path = Models;
			sourceTree = "<group>";
		};
		8EC4D61628A2AAD000E9EF2B = {
			isa = PBXGroup;
			children = (
				8EC4D62128A2AAD000E9EF2B /* TestWeatherApp */,
				8EC4D62028A2AAD000E9EF2B /* Products */,
			);
			sourceTree = "<group>";
		};
		8EC4D62028A2AAD000E9EF2B /* Products */ = {
			isa = PBXGroup;
			children = (
				8EC4D61F28A2AAD000E9EF2B /* TestWeatherApp.app */,
			);
			name = Products;
			sourceTree = "<group>";
		};
		8EC4D62128A2AAD000E9EF2B /* TestWeatherApp */ = {
			isa = PBXGroup;
			children = (
				8E0FDC5828A4246700605DA2 /* Views */,
				8E0FDC5728A4244C00605DA2 /* Extensions */,
				8E0FDC5628A4243C00605DA2 /* Networking */,
				8EC4D62228A2AAD000E9EF2B /* TestWeatherAppApp.swift */,
				8EC4D62628A2AAD200E9EF2B /* Assets.xcassets */,
				8EC4D62828A2AAD200E9EF2B /* Preview Content */,
			);
			path = TestWeatherApp;
			sourceTree = "<group>";
		};
		8EC4D62828A2AAD200E9EF2B /* Preview Content */ = {
			isa = PBXGroup;
			children = (
				8EC4D62928A2AAD200E9EF2B /* Preview Assets.xcassets */,
			);
			path = "Preview Content";
			sourceTree = "<group>";
		};
/* End PBXGroup section */

/* Begin PBXNativeTarget section */
		8EC4D61E28A2AAD000E9EF2B /* TestWeatherApp */ = {
			isa = PBXNativeTarget;
			buildConfigurationList = 8EC4D62D28A2AAD200E9EF2B /* Build configuration list for PBXNativeTarget "TestWeatherApp" */;
			buildPhases = (
				8EC4D61B28A2AAD000E9EF2B /* Sources */,
				8EC4D61C28A2AAD000E9EF2B /* Frameworks */,
				8EC4D61D28A2AAD000E9EF2B /* Resources */,
			);
			buildRules = (
			);
			dependencies = (
			);
			name = TestWeatherApp;
			packageProductDependencies = (
				8E0FDC5228A2DC6000605DA2 /* SDWebImageSwiftUI */,
			);
			productName = TestWeatherApp;
			productReference = 8EC4D61F28A2AAD000E9EF2B /* TestWeatherApp.app */;
			productType = "com.apple.product-type.application";
		};
/* End PBXNativeTarget section */

/* Begin PBXProject section */
		8EC4D61728A2AAD000E9EF2B /* Project object */ = {
			isa = PBXProject;
			attributes = {
				BuildIndependentTargetsInParallel = 1;
				LastSwiftUpdateCheck = 1300;
				LastUpgradeCheck = 1300;
				TargetAttributes = {
					8EC4D61E28A2AAD000E9EF2B = {
						CreatedOnToolsVersion = 13.0;
					};
				};
			};
			buildConfigurationList = 8EC4D61A28A2AAD000E9EF2B /* Build configuration list for PBXProject "TestWeatherApp" */;
			compatibilityVersion = "Xcode 13.0";
			developmentRegion = en;
			hasScannedForEncodings = 0;
			knownRegions = (
				en,
				Base,
			);
			mainGroup = 8EC4D61628A2AAD000E9EF2B;
			packageReferences = (
				8E0FDC5128A2DC6000605DA2 /* XCRemoteSwiftPackageReference "SDWebImageSwiftUI" */,
			);
			productRefGroup = 8EC4D62028A2AAD000E9EF2B /* Products */;
			projectDirPath = "";
			projectRoot = "";
			targets = (
				8EC4D61E28A2AAD000E9EF2B /* TestWeatherApp */,
			);
		};
/* End PBXProject section */

/* Begin PBXResourcesBuildPhase section */
		8EC4D61D28A2AAD000E9EF2B /* Resources */ = {
			isa = PBXResourcesBuildPhase;
			buildActionMask = 2147483647;
			files = (
				8EC4D62A28A2AAD200E9EF2B /* Preview Assets.xcassets in Resources */,
				8EC4D62728A2AAD200E9EF2B /* Assets.xcassets in Resources */,
			);
			runOnlyForDeploymentPostprocessing = 0;
		};
/* End PBXResourcesBuildPhase section */

/* Begin PBXSourcesBuildPhase section */
		8EC4D61B28A2AAD000E9EF2B /* Sources */ = {
			isa = PBXSourcesBuildPhase;
			buildActionMask = 2147483647;
			files = (
				8EC4D63328A2AB5B00E9EF2B /* Forecast.swift in Sources */,
				8EC4D62528A2AAD000E9EF2B /* ContentView.swift in Sources */,
				8EC4D63128A2AB3800E9EF2B /* APIService.swift in Sources */,
				8EC4D62328A2AAD000E9EF2B /* TestWeatherAppApp.swift in Sources */,
				8E73183928A2C55A00B3E6DE /* ForecastViewModel.swift in Sources */,
				8E73183B28A2C89A00B3E6DE /* ForecastListViewModel.swift in Sources */,
				8E0FDC5528A3B8CF00605DA2 /* UIApplication+Extension.swift in Sources */,
			);
			runOnlyForDeploymentPostprocessing = 0;
		};
/* End PBXSourcesBuildPhase section */

/* Begin XCBuildConfiguration section */
		8EC4D62B28A2AAD200E9EF2B /* Debug */ = {
			isa = XCBuildConfiguration;
			buildSettings = {
				ALWAYS_SEARCH_USER_PATHS = NO;
				CLANG_ANALYZER_NONNULL = YES;
				CLANG_ANALYZER_NUMBER_OBJECT_CONVERSION = YES_AGGRESSIVE;
				CLANG_CXX_LANGUAGE_STANDARD = "gnu++17";
				CLANG_CXX_LIBRARY = "libc++";
				CLANG_ENABLE_MODULES = YES;
				CLANG_ENABLE_OBJC_ARC = YES;
				CLANG_ENABLE_OBJC_WEAK = YES;
				CLANG_WARN_BLOCK_CAPTURE_AUTORELEASING = YES;
				CLANG_WARN_BOOL_CONVERSION = YES;
				CLANG_WARN_COMMA = YES;
				CLANG_WARN_CONSTANT_CONVERSION = YES;
				CLANG_WARN_DEPRECATED_OBJC_IMPLEMENTATIONS = YES;
				CLANG_WARN_DIRECT_OBJC_ISA_USAGE = YES_ERROR;
				CLANG_WARN_DOCUMENTATION_COMMENTS = YES;
				CLANG_WARN_EMPTY_BODY = YES;
				CLANG_WARN_ENUM_CONVERSION = YES;
				CLANG_WARN_INFINITE_RECURSION = YES;
				CLANG_WARN_INT_CONVERSION = YES;
				CLANG_WARN_NON_LITERAL_NULL_CONVERSION = YES;
				CLANG_WARN_OBJC_IMPLICIT_RETAIN_SELF = YES;
				CLANG_WARN_OBJC_LITERAL_CONVERSION = YES;
				CLANG_WARN_OBJC_ROOT_CLASS = YES_ERROR;
				CLANG_WARN_QUOTED_INCLUDE_IN_FRAMEWORK_HEADER = YES;
				CLANG_WARN_RANGE_LOOP_ANALYSIS = YES;
				CLANG_WARN_STRICT_PROTOTYPES = YES;
				CLANG_WARN_SUSPICIOUS_MOVE = YES;
				CLANG_WARN_UNGUARDED_AVAILABILITY = YES_AGGRESSIVE;
				CLANG_WARN_UNREACHABLE_CODE = YES;
				CLANG_WARN__DUPLICATE_METHOD_MATCH = YES;
				COPY_PHASE_STRIP = NO;
				DEBUG_INFORMATION_FORMAT = dwarf;
				ENABLE_STRICT_OBJC_MSGSEND = YES;
				ENABLE_TESTABILITY = YES;
				GCC_C_LANGUAGE_STANDARD = gnu11;
				GCC_DYNAMIC_NO_PIC = NO;
				GCC_NO_COMMON_BLOCKS = YES;
				GCC_OPTIMIZATION_LEVEL = 0;
				GCC_PREPROCESSOR_DEFINITIONS = (
					"DEBUG=1",
					"$(inherited)",
				);
				GCC_WARN_64_TO_32_BIT_CONVERSION = YES;
				GCC_WARN_ABOUT_RETURN_TYPE = YES_ERROR;
				GCC_WARN_UNDECLARED_SELECTOR = YES;
				GCC_WARN_UNINITIALIZED_AUTOS = YES_AGGRESSIVE;
				GCC_WARN_UNUSED_FUNCTION = YES;
				GCC_WARN_UNUSED_VARIABLE = YES;
				IPHONEOS_DEPLOYMENT_TARGET = 15.0;
				MTL_ENABLE_DEBUG_INFO = INCLUDE_SOURCE;
				MTL_FAST_MATH = YES;
				ONLY_ACTIVE_ARCH = YES;
				SDKROOT = iphoneos;
				SWIFT_ACTIVE_COMPILATION_CONDITIONS = DEBUG;
				SWIFT_OPTIMIZATION_LEVEL = "-Onone";
			};
			name = Debug;
		};
		8EC4D62C28A2AAD200E9EF2B /* Release */ = {
			isa = XCBuildConfiguration;
			buildSettings = {
				ALWAYS_SEARCH_USER_PATHS = NO;
				CLANG_ANALYZER_NONNULL = YES;
				CLANG_ANALYZER_NUMBER_OBJECT_CONVERSION = YES_AGGRESSIVE;
				CLANG_CXX_LANGUAGE_STANDARD = "gnu++17";
				CLANG_CXX_LIBRARY = "libc++";
				CLANG_ENABLE_MODULES = YES;
				CLANG_ENABLE_OBJC_ARC = YES;
				CLANG_ENABLE_OBJC_WEAK = YES;
				CLANG_WARN_BLOCK_CAPTURE_AUTORELEASING = YES;
				CLANG_WARN_BOOL_CONVERSION = YES;
				CLANG_WARN_COMMA = YES;
				CLANG_WARN_CONSTANT_CONVERSION = YES;
				CLANG_WARN_DEPRECATED_OBJC_IMPLEMENTATIONS = YES;
				CLANG_WARN_DIRECT_OBJC_ISA_USAGE = YES_ERROR;
				CLANG_WARN_DOCUMENTATION_COMMENTS = YES;
				CLANG_WARN_EMPTY_BODY = YES;
				CLANG_WARN_ENUM_CONVERSION = YES;
				CLANG_WARN_INFINITE_RECURSION = YES;
				CLANG_WARN_INT_CONVERSION = YES;
				CLANG_WARN_NON_LITERAL_NULL_CONVERSION = YES;
				CLANG_WARN_OBJC_IMPLICIT_RETAIN_SELF = YES;
				CLANG_WARN_OBJC_LITERAL_CONVERSION = YES;
				CLANG_WARN_OBJC_ROOT_CLASS = YES_ERROR;
				CLANG_WARN_QUOTED_INCLUDE_IN_FRAMEWORK_HEADER = YES;
				CLANG_WARN_RANGE_LOOP_ANALYSIS = YES;
				CLANG_WARN_STRICT_PROTOTYPES = YES;
				CLANG_WARN_SUSPICIOUS_MOVE = YES;
				CLANG_WARN_UNGUARDED_AVAILABILITY = YES_AGGRESSIVE;
				CLANG_WARN_UNREACHABLE_CODE = YES;
				CLANG_WARN__DUPLICATE_METHOD_MATCH = YES;
				COPY_PHASE_STRIP = NO;
				DEBUG_INFORMATION_FORMAT = "dwarf-with-dsym";
				ENABLE_NS_ASSERTIONS = NO;
				ENABLE_STRICT_OBJC_MSGSEND = YES;
				GCC_C_LANGUAGE_STANDARD = gnu11;
				GCC_NO_COMMON_BLOCKS = YES;
				GCC_WARN_64_TO_32_BIT_CONVERSION = YES;
				GCC_WARN_ABOUT_RETURN_TYPE = YES_ERROR;
				GCC_WARN_UNDECLARED_SELECTOR = YES;
				GCC_WARN_UNINITIALIZED_AUTOS = YES_AGGRESSIVE;
				GCC_WARN_UNUSED_FUNCTION = YES;
				GCC_WARN_UNUSED_VARIABLE = YES;
				IPHONEOS_DEPLOYMENT_TARGET = 15.0;
				MTL_ENABLE_DEBUG_INFO = NO;
				MTL_FAST_MATH = YES;
				SDKROOT = iphoneos;
				SWIFT_COMPILATION_MODE = wholemodule;
				SWIFT_OPTIMIZATION_LEVEL = "-O";
				VALIDATE_PRODUCT = YES;
			};
			name = Release;
		};
		8EC4D62E28A2AAD200E9EF2B /* Debug */ = {
			isa = XCBuildConfiguration;
			buildSettings = {
				ASSETCATALOG_COMPILER_APPICON_NAME = AppIcon;
				ASSETCATALOG_COMPILER_GLOBAL_ACCENT_COLOR_NAME = AccentColor;
				CODE_SIGN_STYLE = Automatic;
				CURRENT_PROJECT_VERSION = 1;
				DEVELOPMENT_ASSET_PATHS = "\"TestWeatherApp/Preview Content\"";
				DEVELOPMENT_TEAM = MPK2L87B55;
				ENABLE_PREVIEWS = YES;
				GENERATE_INFOPLIST_FILE = YES;
				INFOPLIST_KEY_UIApplicationSceneManifest_Generation = YES;
				INFOPLIST_KEY_UIApplicationSupportsIndirectInputEvents = YES;
				INFOPLIST_KEY_UILaunchScreen_Generation = YES;
				INFOPLIST_KEY_UISupportedInterfaceOrientations_iPad = "UIInterfaceOrientationPortrait UIInterfaceOrientationPortraitUpsideDown UIInterfaceOrientationLandscapeLeft UIInterfaceOrientationLandscapeRight";
				INFOPLIST_KEY_UISupportedInterfaceOrientations_iPhone = "UIInterfaceOrientationPortrait UIInterfaceOrientationLandscapeLeft UIInterfaceOrientationLandscapeRight";
				IPHONEOS_DEPLOYMENT_TARGET = 14.0;
				LD_RUNPATH_SEARCH_PATHS = (
					"$(inherited)",
					"@executable_path/Frameworks",
				);
				MARKETING_VERSION = 1.0;
				PRODUCT_BUNDLE_IDENTIFIER = "-.TestWeatherApp";
				PRODUCT_NAME = "$(TARGET_NAME)";
				SWIFT_EMIT_LOC_STRINGS = YES;
				SWIFT_VERSION = 5.0;
				TARGETED_DEVICE_FAMILY = "1,2";
			};
			name = Debug;
		};
		8EC4D62F28A2AAD200E9EF2B /* Release */ = {
			isa = XCBuildConfiguration;
			buildSettings = {
				ASSETCATALOG_COMPILER_APPICON_NAME = AppIcon;
				ASSETCATALOG_COMPILER_GLOBAL_ACCENT_COLOR_NAME = AccentColor;
				CODE_SIGN_STYLE = Automatic;
				CURRENT_PROJECT_VERSION = 1;
				DEVELOPMENT_ASSET_PATHS = "\"TestWeatherApp/Preview Content\"";
				DEVELOPMENT_TEAM = MPK2L87B55;
				ENABLE_PREVIEWS = YES;
				GENERATE_INFOPLIST_FILE = YES;
				INFOPLIST_KEY_UIApplicationSceneManifest_Generation = YES;
				INFOPLIST_KEY_UIApplicationSupportsIndirectInputEvents = YES;
				INFOPLIST_KEY_UILaunchScreen_Generation = YES;
				INFOPLIST_KEY_UISupportedInterfaceOrientations_iPad = "UIInterfaceOrientationPortrait UIInterfaceOrientationPortraitUpsideDown UIInterfaceOrientationLandscapeLeft UIInterfaceOrientationLandscapeRight";
				INFOPLIST_KEY_UISupportedInterfaceOrientations_iPhone = "UIInterfaceOrientationPortrait UIInterfaceOrientationLandscapeLeft UIInterfaceOrientationLandscapeRight";
				IPHONEOS_DEPLOYMENT_TARGET = 14.0;
				LD_RUNPATH_SEARCH_PATHS = (
					"$(inherited)",
					"@executable_path/Frameworks",
				);
				MARKETING_VERSION = 1.0;
				PRODUCT_BUNDLE_IDENTIFIER = "-.TestWeatherApp";
				PRODUCT_NAME = "$(TARGET_NAME)";
				SWIFT_EMIT_LOC_STRINGS = YES;
				SWIFT_VERSION = 5.0;
				TARGETED_DEVICE_FAMILY = "1,2";
			};
			name = Release;
		};
/* End XCBuildConfiguration section */

/* Begin XCConfigurationList section */
		8EC4D61A28A2AAD000E9EF2B /* Build configuration list for PBXProject "TestWeatherApp" */ = {
			isa = XCConfigurationList;
			buildConfigurations = (
				8EC4D62B28A2AAD200E9EF2B /* Debug */,
				8EC4D62C28A2AAD200E9EF2B /* Release */,
			);
			defaultConfigurationIsVisible = 0;
			defaultConfigurationName = Release;
		};
		8EC4D62D28A2AAD200E9EF2B /* Build configuration list for PBXNativeTarget "TestWeatherApp" */ = {
			isa = XCConfigurationList;
			buildConfigurations = (
				8EC4D62E28A2AAD200E9EF2B /* Debug */,
				8EC4D62F28A2AAD200E9EF2B /* Release */,
			);
			defaultConfigurationIsVisible = 0;
			defaultConfigurationName = Release;
		};
/* End XCConfigurationList section */

/* Begin XCRemoteSwiftPackageReference section */
		8E0FDC5128A2DC6000605DA2 /* XCRemoteSwiftPackageReference "SDWebImageSwiftUI" */ = {
			isa = XCRemoteSwiftPackageReference;
			repositoryURL = "https://github.com/SDWebImage/SDWebImageSwiftUI";
			requirement = {
				kind = upToNextMajorVersion;
				minimumVersion = 2.0.0;
			};
		};
/* End XCRemoteSwiftPackageReference section */

/* Begin XCSwiftPackageProductDependency section */
		8E0FDC5228A2DC6000605DA2 /* SDWebImageSwiftUI */ = {
			isa = XCSwiftPackageProductDependency;
			package = 8E0FDC5128A2DC6000605DA2 /* XCRemoteSwiftPackageReference "SDWebImageSwiftUI" */;
			productName = SDWebImageSwiftUI;
		};
/* End XCSwiftPackageProductDependency section */
	};
	rootObject = 8EC4D61728A2AAD000E9EF2B /* Project object */;
}
